
Microsoft Visual Studio Solution File, Format Version 12.00
# Visual Studio Version 16
VisualStudioVersion = 16.0.30907.101
MinimumVisualStudioVersion = 10.0.40219.1
Project("{8BC9CEB8-8B4A-11D0-8D11-00A0C91BC942}") = "3.3D", "3.3D\3.3D.vcxproj", "{CEEC8942-6886-4A39-A1F0-32D135DE0E6A}"
EndProject
Project("{8BC9CEB8-8B4A-11D0-8D11-00A0C91BC942}") = "UnitTest1", "UnitTest1\UnitTest1.vcxproj", "{81A5AA16-9497-4965-80FC-B700EAFED139}"
EndProject
Global
	GlobalSection(SolutionConfigurationPlatforms) = preSolution
		Debug|x64 = Debug|x64
		Debug|x86 = Debug|x86
		Release|x64 = Release|x64
		Release|x86 = Release|x86
	EndGlobalSection
	GlobalSection(ProjectConfigurationPlatforms) = postSolution
		{CEEC8942-6886-4A39-A1F0-32D135DE0E6A}.Debug|x64.ActiveCfg = Debug|x64
		{CEEC8942-6886-4A39-A1F0-32D135DE0E6A}.Debug|x64.Build.0 = Debug|x64
		{CEEC8942-6886-4A39-A1F0-32D135DE0E6A}.Debug|x86.ActiveCfg = Debug|Win32
		{CEEC8942-6886-4A39-A1F0-32D135DE0E6A}.Debug|x86.Build.0 = Debug|Win32
		{CEEC8942-6886-4A39-A1F0-32D135DE0E6A}.Release|x64.ActiveCfg = Release|x64
		{CEEC8942-6886-4A39-A1F0-32D135DE0E6A}.Release|x64.Build.0 = Release|x64
		{CEEC8942-6886-4A39-A1F0-32D135DE0E6A}.Release|x86.ActiveCfg = Release|Win32
		{CEEC8942-6886-4A39-A1F0-32D135DE0E6A}.Release|x86.Build.0 = Release|Win32
		{81A5AA16-9497-4965-80FC-B700EAFED139}.Debug|x64.ActiveCfg = Debug|x64
		{81A5AA16-9497-4965-80FC-B700EAFED139}.Debug|x64.Build.0 = Debug|x64
		{81A5AA16-9497-4965-80FC-B700EAFED139}.Debug|x86.ActiveCfg = Debug|Win32
		{81A5AA16-9497-4965-80FC-B700EAFED139}.Debug|x86.Build.0 = Debug|Win32
		{81A5AA16-9497-4965-80FC-B700EAFED139}.Release|x64.ActiveCfg = Release|x64
		{81A5AA16-9497-4965-80FC-B700EAFED139}.Release|x64.Build.0 = Release|x64
		{81A5AA16-9497-4965-80FC-B700EAFED139}.Release|x86.ActiveCfg = Release|Win32
		{81A5AA16-9497-4965-80FC-B700EAFED139}.Release|x86.Build.0 = Release|Win32
	EndGlobalSection
	GlobalSection(SolutionProperties) = preSolution
		HideSolutionNode = FALSE
	EndGlobalSection
	GlobalSection(ExtensibilityGlobals) = postSolution
		SolutionGuid = {7B12C00D-09D2-46D9-914C-6059E69DD7D7}
	EndGlobalSection
EndGlobal
